<?xml version="1.0" encoding="utf-8"?>
<Project ToolsVersion="4.0" xmlns="http://schemas.microsoft.com/developer/msbuild/2003">
  <ItemGroup>
    <ClCompile Include="code\game.cpp" />
    <ClCompile Include="code\surface.cpp">
      <Filter>template files</Filter>
    </ClCompile>
    <ClCompile Include="code\template.cpp">
      <Filter>template files</Filter>
    </ClCompile>
    <ClCompile Include="code\playzone.cpp">
      <Filter>interaction scripts\scenes</Filter>
    </ClCompile>
    <ClCompile Include="code\menu.cpp">
      <Filter>interaction scripts\scenes</Filter>
    </ClCompile>
    <ClCompile Include="code\scenemanager.cpp">
      <Filter>tools</Filter>
    </ClCompile>
    <ClCompile Include="code\button.cpp">
      <Filter>classes</Filter>
    </ClCompile>
    <ClCompile Include="code\enemy.cpp">
      <Filter>classes</Filter>
    </ClCompile>
    <ClCompile Include="code\towerplacement.cpp">
      <Filter>smth</Filter>
    </ClCompile>
    <ClCompile Include="code\snowtower.cpp">
      <Filter>classes\towers</Filter>
    </ClCompile>
    <ClCompile Include="code\icetower.cpp">
      <Filter>classes\towers</Filter>
    </ClCompile>
    <ClCompile Include="code\flametower.cpp">
      <Filter>classes\towers</Filter>
    </ClCompile>
    <ClCompile Include="code\towerpanel.cpp">
      <Filter>classes</Filter>
    </ClCompile>
    <ClCompile Include="code\mouseinteraction.cpp">
      <Filter>interaction scripts</Filter>
    </ClCompile>
    <ClCompile Include="code\buttoninteraction.cpp">
      <Filter>interaction scripts</Filter>
    </ClCompile>
    <ClCompile Include="code\draggerinteraction.cpp">
      <Filter>interaction scripts</Filter>
    </ClCompile>
    <ClCompile Include="code\towerinteraction.cpp">
      <Filter>interaction scripts</Filter>
    </ClCompile>
    <ClCompile Include="code\towerdragger.cpp">
      <Filter>classes</Filter>
    </ClCompile>
    <ClCompile Include="code\stonetower.cpp">
      <Filter>classes\towers</Filter>
    </ClCompile>
    <ClCompile Include="code\tower.cpp">
      <Filter>classes</Filter>
    </ClCompile>
    <ClCompile Include="code\globalvariables.cpp">
      <Filter>tools</Filter>
    </ClCompile>
    <ClCompile Include="code\classvariables.cpp">
      <Filter>tools</Filter>
    </ClCompile>
    <ClCompile Include="code\healthbar.cpp">
      <Filter>classes</Filter>
    </ClCompile>
    <ClCompile Include="code\pause.cpp">
      <Filter>interaction scripts\scenes</Filter>
    </ClCompile>
    <ClCompile Include="code\visualhandler.cpp">
      <Filter>smth</Filter>
    </ClCompile>
    <ClCompile Include="code\gamehandler.cpp">
      <Filter>smth</Filter>
    </ClCompile>
    <ClCompile Include="code\gameover.cpp">
      <Filter>interaction scripts\scenes</Filter>
    </ClCompile>
  </ItemGroup>
  <ItemGroup>
    <ClInclude Include="code\game.h" />
    <ClInclude Include="code\surface.h">
      <Filter>template files</Filter>
    </ClInclude>
    <ClInclude Include="code\template.h">
      <Filter>template files</Filter>
    </ClInclude>
    <ClInclude Include="code\globalvariables.h">
      <Filter>tools</Filter>
    </ClInclude>
    <ClInclude Include="code\playzone.h">
      <Filter>interaction scripts\scenes</Filter>
    </ClInclude>
    <ClInclude Include="code\menu.h">
      <Filter>interaction scripts\scenes</Filter>
    </ClInclude>
    <ClInclude Include="code\scenemanager.h">
      <Filter>tools</Filter>
    </ClInclude>
    <ClInclude Include="code\button.h">
      <Filter>classes</Filter>
    </ClInclude>
    <ClInclude Include="code\classvariables.h">
      <Filter>tools</Filter>
    </ClInclude>
    <ClInclude Include="code\enemy.h">
      <Filter>classes</Filter>
    </ClInclude>
    <ClInclude Include="code\towerplacement.h">
      <Filter>smth</Filter>
    </ClInclude>
    <ClInclude Include="code\snowtower.h">
      <Filter>classes\towers</Filter>
    </ClInclude>
    <ClInclude Include="code\icetower.h">
      <Filter>classes\towers</Filter>
    </ClInclude>
    <ClInclude Include="code\flametower.h">
      <Filter>classes\towers</Filter>
    </ClInclude>
    <ClInclude Include="code\towerpanel.h">
      <Filter>classes</Filter>
    </ClInclude>
    <ClInclude Include="code\mouseinteraction.h">
      <Filter>interaction scripts</Filter>
    </ClInclude>
    <ClInclude Include="code\buttoninteraction.h">
      <Filter>interaction scripts</Filter>
    </ClInclude>
    <ClInclude Include="code\draggerinteraction.h">
      <Filter>interaction scripts</Filter>
    </ClInclude>
    <ClInclude Include="code\towerinteraction.h">
      <Filter>interaction scripts</Filter>
    </ClInclude>
    <ClInclude Include="code\towerdragger.h">
      <Filter>classes</Filter>
    </ClInclude>
    <ClInclude Include="code\stonetower.h">
      <Filter>classes\towers</Filter>
    </ClInclude>
    <ClInclude Include="code\tower.h">
      <Filter>classes</Filter>
    </ClInclude>
    <ClInclude Include="code\healthbar.h">
      <Filter>classes</Filter>
    </ClInclude>
    <ClInclude Include="code\pause.h">
      <Filter>interaction scripts\scenes</Filter>
    </ClInclude>
    <ClInclude Include="code\visualhandler.h">
      <Filter>smth</Filter>
    </ClInclude>
    <ClInclude Include="code\gamehandler.h">
      <Filter>smth</Filter>
    </ClInclude>
    <ClInclude Include="code\gameover.h">
      <Filter>interaction scripts\scenes</Filter>
    </ClInclude>
  </ItemGroup>
  <ItemGroup>
    <Text Include="readme_template_use.txt" />
    <Text Include="Readme.md" />
  </ItemGroup>
  <ItemGroup>
    <Filter Include="template files">
      <UniqueIdentifier>{176d0605-61d4-43e8-b06c-6cd3fe3aea8e}</UniqueIdentifier>
    </Filter>
    <Filter Include="tools">
      <UniqueIdentifier>{8768f5dc-e8d2-4fb5-bd6a-90791c80d4df}</UniqueIdentifier>
    </Filter>
    <Filter Include="classes">
      <UniqueIdentifier>{c7dbda80-383e-45d7-869f-3a763a0454c6}</UniqueIdentifier>
    </Filter>
    <Filter Include="smth">
      <UniqueIdentifier>{b003b0b8-b250-475a-990f-c8a5d207132a}</UniqueIdentifier>
    </Filter>
    <Filter Include="interaction scripts">
      <UniqueIdentifier>{90a78edb-00b2-4a79-b98d-8601068052ce}</UniqueIdentifier>
    </Filter>
    <Filter Include="classes\towers">
      <UniqueIdentifier>{e4d99d4c-d524-430f-a02e-1edaefc79bfd}</UniqueIdentifier>
    </Filter>
    <Filter Include="interaction scripts\scenes">
      <UniqueIdentifier>{63663d3c-7165-4e05-a86e-c2ea2da51a40}</UniqueIdentifier>
    </Filter>
  </ItemGroup>
</Project>